<Solution>
  <Configurations>
    <Platform Name="ARM64" />
    <Platform Name="x64" />
    <Platform Name="x86" />
  </Configurations>
  <Project Path="CLauncher.vcxproj" Id="4424c424-696e-4d80-8c3c-16251c6bc07b">
    <Deploy />
  </Project>
  <Project Path="CLauncher_DLL/CLauncher_DLL.vcxproj" Id="3f2fa258-73ce-4e78-a930-886e3556bd90">
    <Platform Solution="*|ARM64" Project="x64" />
    <Platform Solution="*|x64" Project="Win32" />
  </Project>
</Solution>
